
Microsoft Visual Studio Solution File, Format Version 12.00
# Visual Studio 15
VisualStudioVersion = 15.0.26730.16
MinimumVisualStudioVersion = 10.0.40219.1
Project("{FAE04EC0-301F-11D3-BF4B-00C04F79EFBC}") = "TrivialPanPan-BlogProject", "TrivialPanPan-BlogProject\TrivialPanPan-BlogProject.csproj", "{009E1578-4673-4736-BB3A-1B1032EC18BF}"
EndProject
Project("{FAE04EC0-301F-11D3-BF4B-00C04F79EFBC}") = "TrivialPanPan-BlogProject.Tests", "TrivialPanPan-BlogProject.Tests\TrivialPanPan-BlogProject.Tests.csproj", "{799C7DD6-501A-4EB3-9D2F-300533966518}"
EndProject
Project("{2150E333-8FDC-42A3-9474-1A3956D46DE8}") = "Tests", "Tests", "{55143680-F96E-485F-A57C-F3AE8A9BCDBA}"
EndProject
Global
	GlobalSection(SolutionConfigurationPlatforms) = preSolution
		Debug|Any CPU = Debug|Any CPU
		Release|Any CPU = Release|Any CPU
	EndGlobalSection
	GlobalSection(ProjectConfigurationPlatforms) = postSolution
		{009E1578-4673-4736-BB3A-1B1032EC18BF}.Debug|Any CPU.ActiveCfg = Debug|Any CPU
		{009E1578-4673-4736-BB3A-1B1032EC18BF}.Debug|Any CPU.Build.0 = Debug|Any CPU
		{009E1578-4673-4736-BB3A-1B1032EC18BF}.Release|Any CPU.ActiveCfg = Release|Any CPU
		{009E1578-4673-4736-BB3A-1B1032EC18BF}.Release|Any CPU.Build.0 = Release|Any CPU
		{799C7DD6-501A-4EB3-9D2F-300533966518}.Debug|Any CPU.ActiveCfg = Debug|Any CPU
		{799C7DD6-501A-4EB3-9D2F-300533966518}.Debug|Any CPU.Build.0 = Debug|Any CPU
		{799C7DD6-501A-4EB3-9D2F-300533966518}.Release|Any CPU.ActiveCfg = Release|Any CPU
		{799C7DD6-501A-4EB3-9D2F-300533966518}.Release|Any CPU.Build.0 = Release|Any CPU
	EndGlobalSection
	GlobalSection(SolutionProperties) = preSolution
		HideSolutionNode = FALSE
	EndGlobalSection
	GlobalSection(NestedProjects) = preSolution
		{799C7DD6-501A-4EB3-9D2F-300533966518} = {55143680-F96E-485F-A57C-F3AE8A9BCDBA}
	EndGlobalSection
	GlobalSection(ExtensibilityGlobals) = postSolution
		SolutionGuid = {42EE43CD-4E5B-4ECA-B05D-D420AA80AAF5}
	EndGlobalSection
EndGlobal
